// !$*UTF8*$!
{
	archiveVersion = 1;
	classes = {
	};
	objectVersion = 56;
	objects = {

/* Begin PBXBuildFile section */
		9B0A40A32CC030F700BB50A8 /* RestartApp.swift in Sources */ = {isa = PBXBuildFile; fileRef = 9B0A40A22CC030F700BB50A8 /* RestartApp.swift */; };
		9B0A40A52CC030F700BB50A8 /* ContentView.swift in Sources */ = {isa = PBXBuildFile; fileRef = 9B0A40A42CC030F700BB50A8 /* ContentView.swift */; };
		9B0A40A72CC030FB00BB50A8 /* Assets.xcassets in Resources */ = {isa = PBXBuildFile; fileRef = 9B0A40A62CC030FB00BB50A8 /* Assets.xcassets */; };
		9B0A40AA2CC030FB00BB50A8 /* Preview Assets.xcassets in Resources */ = {isa = PBXBuildFile; fileRef = 9B0A40A92CC030FB00BB50A8 /* Preview Assets.xcassets */; };
		9B0A40B22CC0325700BB50A8 /* chimeup.mp3 in Resources */ = {isa = PBXBuildFile; fileRef = 9B0A40B02CC0325700BB50A8 /* chimeup.mp3 */; };
		9B0A40B32CC0325700BB50A8 /* success.m4a in Resources */ = {isa = PBXBuildFile; fileRef = 9B0A40B12CC0325700BB50A8 /* success.m4a */; };
		9B0A40BA2CC0357200BB50A8 /* OnboardingView.swift in Sources */ = {isa = PBXBuildFile; fileRef = 9B0A40B92CC0357200BB50A8 /* OnboardingView.swift */; };
		9B0A40BC2CC0357C00BB50A8 /* HomeView.swift in Sources */ = {isa = PBXBuildFile; fileRef = 9B0A40BB2CC0357C00BB50A8 /* HomeView.swift */; };
		9B0A40BE2CC11F2800BB50A8 /* CircleGroupView.swift in Sources */ = {isa = PBXBuildFile; fileRef = 9B0A40BD2CC11F2800BB50A8 /* CircleGroupView.swift */; };
		9B0A40C02CC2D53500BB50A8 /* AudioPlayer.swift in Sources */ = {isa = PBXBuildFile; fileRef = 9B0A40BF2CC2D53400BB50A8 /* AudioPlayer.swift */; };
/* End PBXBuildFile section */

/* Begin PBXFileReference section */
		9B0A409F2CC030F700BB50A8 /* Restart.app */ = {isa = PBXFileReference; explicitFileType = wrapper.application; includeInIndex = 0; path = Restart.app; sourceTree = BUILT_PRODUCTS_DIR; };
		9B0A40A22CC030F700BB50A8 /* RestartApp.swift */ = {isa = PBXFileReference; lastKnownFileType = sourcecode.swift; path = RestartApp.swift; sourceTree = "<group>"; };
		9B0A40A42CC030F700BB50A8 /* ContentView.swift */ = {isa = PBXFileReference; lastKnownFileType = sourcecode.swift; path = ContentView.swift; sourceTree = "<group>"; };
		9B0A40A62CC030FB00BB50A8 /* Assets.xcassets */ = {isa = PBXFileReference; lastKnownFileType = folder.assetcatalog; path = Assets.xcassets; sourceTree = "<group>"; };
		9B0A40A92CC030FB00BB50A8 /* Preview Assets.xcassets */ = {isa = PBXFileReference; lastKnownFileType = folder.assetcatalog; path = "Preview Assets.xcassets"; sourceTree = "<group>"; };
		9B0A40B02CC0325700BB50A8 /* chimeup.mp3 */ = {isa = PBXFileReference; lastKnownFileType = audio.mp3; path = chimeup.mp3; sourceTree = "<group>"; };
		9B0A40B12CC0325700BB50A8 /* success.m4a */ = {isa = PBXFileReference; lastKnownFileType = file; path = success.m4a; sourceTree = "<group>"; };
		9B0A40B82CC0350D00BB50A8 /* Info.plist */ = {isa = PBXFileReference; lastKnownFileType = text.plist; path = Info.plist; sourceTree = "<group>"; };
		9B0A40B92CC0357200BB50A8 /* OnboardingView.swift */ = {isa = PBXFileReference; lastKnownFileType = sourcecode.swift; path = OnboardingView.swift; sourceTree = "<group>"; };
		9B0A40BB2CC0357C00BB50A8 /* HomeView.swift */ = {isa = PBXFileReference; lastKnownFileType = sourcecode.swift; path = HomeView.swift; sourceTree = "<group>"; };
		9B0A40BD2CC11F2800BB50A8 /* CircleGroupView.swift */ = {isa = PBXFileReference; lastKnownFileType = sourcecode.swift; path = CircleGroupView.swift; sourceTree = "<group>"; };
		9B0A40BF2CC2D53400BB50A8 /* AudioPlayer.swift */ = {isa = PBXFileReference; lastKnownFileType = sourcecode.swift; path = AudioPlayer.swift; sourceTree = "<group>"; };
/* End PBXFileReference section */

/* Begin PBXFrameworksBuildPhase section */
		9B0A409C2CC030F700BB50A8 /* Frameworks */ = {
			isa = PBXFrameworksBuildPhase;
			buildActionMask = 2147483647;
			files = (
			);
			runOnlyForDeploymentPostprocessing = 0;
		};
/* End PBXFrameworksBuildPhase section */

/* Begin PBXGroup section */
		9B0A40962CC030F700BB50A8 = {
			isa = PBXGroup;
			children = (
				9B0A40A12CC030F700BB50A8 /* Restart */,
				9B0A40A02CC030F700BB50A8 /* Products */,
			);
			sourceTree = "<group>";
		};
		9B0A40A02CC030F700BB50A8 /* Products */ = {
			isa = PBXGroup;
			children = (
				9B0A409F2CC030F700BB50A8 /* Restart.app */,
			);
			name = Products;
			sourceTree = "<group>";
		};
		9B0A40A12CC030F700BB50A8 /* Restart */ = {
			isa = PBXGroup;
			children = (
				9B0A40B82CC0350D00BB50A8 /* Info.plist */,
				9B0A40B72CC0338F00BB50A8 /* Utilities */,
				9B0A40B62CC0337B00BB50A8 /* Views */,
				9B0A40B42CC0325F00BB50A8 /* Sounds */,
				9B0A40A22CC030F700BB50A8 /* RestartApp.swift */,
				9B0A40B52CC0336D00BB50A8 /* Screens */,
				9B0A40A62CC030FB00BB50A8 /* Assets.xcassets */,
				9B0A40A82CC030FB00BB50A8 /* Preview Content */,
			);
			path = Restart;
			sourceTree = "<group>";
		};
		9B0A40A82CC030FB00BB50A8 /* Preview Content */ = {
			isa = PBXGroup;
			children = (
				9B0A40A92CC030FB00BB50A8 /* Preview Assets.xcassets */,
			);
			path = "Preview Content";
			sourceTree = "<group>";
		};
		9B0A40B42CC0325F00BB50A8 /* Sounds */ = {
			isa = PBXGroup;
			children = (
				9B0A40B02CC0325700BB50A8 /* chimeup.mp3 */,
				9B0A40B12CC0325700BB50A8 /* success.m4a */,
			);
			path = Sounds;
			sourceTree = "<group>";
		};
		9B0A40B52CC0336D00BB50A8 /* Screens */ = {
			isa = PBXGroup;
			children = (
				9B0A40A42CC030F700BB50A8 /* ContentView.swift */,
				9B0A40B92CC0357200BB50A8 /* OnboardingView.swift */,
				9B0A40BB2CC0357C00BB50A8 /* HomeView.swift */,
			);
			path = Screens;
			sourceTree = "<group>";
		};
		9B0A40B62CC0337B00BB50A8 /* Views */ = {
			isa = PBXGroup;
			children = (
				9B0A40BD2CC11F2800BB50A8 /* CircleGroupView.swift */,
			);
			path = Views;
			sourceTree = "<group>";
		};
		9B0A40B72CC0338F00BB50A8 /* Utilities */ = {
			isa = PBXGroup;
			children = (
				9B0A40BF2CC2D53400BB50A8 /* AudioPlayer.swift */,
			);
			path = Utilities;
			sourceTree = "<group>";
		};
/* End PBXGroup section */

/* Begin PBXNativeTarget section */
		9B0A409E2CC030F700BB50A8 /* Restart */ = {
			isa = PBXNativeTarget;
			buildConfigurationList = 9B0A40AD2CC030FB00BB50A8 /* Build configuration list for PBXNativeTarget "Restart" */;
			buildPhases = (
				9B0A409B2CC030F700BB50A8 /* Sources */,
				9B0A409C2CC030F700BB50A8 /* Frameworks */,
				9B0A409D2CC030F700BB50A8 /* Resources */,
			);
			buildRules = (
			);
			dependencies = (
			);
			name = Restart;
			productName = Restart;
			productReference = 9B0A409F2CC030F700BB50A8 /* Restart.app */;
			productType = "com.apple.product-type.application";
		};
/* End PBXNativeTarget section */

/* Begin PBXProject section */
		9B0A40972CC030F700BB50A8 /* Project object */ = {
			isa = PBXProject;
			attributes = {
				BuildIndependentTargetsInParallel = 1;
				LastSwiftUpdateCheck = 1540;
				LastUpgradeCheck = 1540;
				TargetAttributes = {
					9B0A409E2CC030F700BB50A8 = {
						CreatedOnToolsVersion = 15.4;
					};
				};
			};
			buildConfigurationList = 9B0A409A2CC030F700BB50A8 /* Build configuration list for PBXProject "Restart" */;
			compatibilityVersion = "Xcode 14.0";
			developmentRegion = en;
			hasScannedForEncodings = 0;
			knownRegions = (
				en,
				Base,
			);
			mainGroup = 9B0A40962CC030F700BB50A8;
			productRefGroup = 9B0A40A02CC030F700BB50A8 /* Products */;
			projectDirPath = "";
			projectRoot = "";
			targets = (
				9B0A409E2CC030F700BB50A8 /* Restart */,
			);
		};
/* End PBXProject section */

/* Begin PBXResourcesBuildPhase section */
		9B0A409D2CC030F700BB50A8 /* Resources */ = {
			isa = PBXResourcesBuildPhase;
			buildActionMask = 2147483647;
			files = (
				9B0A40B32CC0325700BB50A8 /* success.m4a in Resources */,
				9B0A40B22CC0325700BB50A8 /* chimeup.mp3 in Resources */,
				9B0A40AA2CC030FB00BB50A8 /* Preview Assets.xcassets in Resources */,
				9B0A40A72CC030FB00BB50A8 /* Assets.xcassets in Resources */,
			);
			runOnlyForDeploymentPostprocessing = 0;
		};
/* End PBXResourcesBuildPhase section */

/* Begin PBXSourcesBuildPhase section */
		9B0A409B2CC030F700BB50A8 /* Sources */ = {
			isa = PBXSourcesBuildPhase;
			buildActionMask = 2147483647;
			files = (
				9B0A40BE2CC11F2800BB50A8 /* CircleGroupView.swift in Sources */,
				9B0A40BC2CC0357C00BB50A8 /* HomeView.swift in Sources */,
				9B0A40BA2CC0357200BB50A8 /* OnboardingView.swift in Sources */,
				9B0A40A52CC030F700BB50A8 /* ContentView.swift in Sources */,
				9B0A40A32CC030F700BB50A8 /* RestartApp.swift in Sources */,
				9B0A40C02CC2D53500BB50A8 /* AudioPlayer.swift in Sources */,
			);
			runOnlyForDeploymentPostprocessing = 0;
		};
/* End PBXSourcesBuildPhase section */

/* Begin XCBuildConfiguration section */
		9B0A40AB2CC030FB00BB50A8 /* Debug */ = {
			isa = XCBuildConfiguration;
			buildSettings = {
				ALWAYS_SEARCH_USER_PATHS = NO;
				ASSETCATALOG_COMPILER_GENERATE_SWIFT_ASSET_SYMBOL_EXTENSIONS = YES;
				CLANG_ANALYZER_NONNULL = YES;
				CLANG_ANALYZER_NUMBER_OBJECT_CONVERSION = YES_AGGRESSIVE;
				CLANG_CXX_LANGUAGE_STANDARD = "gnu++20";
				CLANG_ENABLE_MODULES = YES;
				CLANG_ENABLE_OBJC_ARC = YES;
				CLANG_ENABLE_OBJC_WEAK = YES;
				CLANG_WARN_BLOCK_CAPTURE_AUTORELEASING = YES;
				CLANG_WARN_BOOL_CONVERSION = YES;
				CLANG_WARN_COMMA = YES;
				CLANG_WARN_CONSTANT_CONVERSION = YES;
				CLANG_WARN_DEPRECATED_OBJC_IMPLEMENTATIONS = YES;
				CLANG_WARN_DIRECT_OBJC_ISA_USAGE = YES_ERROR;
				CLANG_WARN_DOCUMENTATION_COMMENTS = YES;
				CLANG_WARN_EMPTY_BODY = YES;
				CLANG_WARN_ENUM_CONVERSION = YES;
				CLANG_WARN_INFINITE_RECURSION = YES;
				CLANG_WARN_INT_CONVERSION = YES;
				CLANG_WARN_NON_LITERAL_NULL_CONVERSION = YES;
				CLANG_WARN_OBJC_IMPLICIT_RETAIN_SELF = YES;
				CLANG_WARN_OBJC_LITERAL_CONVERSION = YES;
				CLANG_WARN_OBJC_ROOT_CLASS = YES_ERROR;
				CLANG_WARN_QUOTED_INCLUDE_IN_FRAMEWORK_HEADER = YES;
				CLANG_WARN_RANGE_LOOP_ANALYSIS = YES;
				CLANG_WARN_STRICT_PROTOTYPES = YES;
				CLANG_WARN_SUSPICIOUS_MOVE = YES;
				CLANG_WARN_UNGUARDED_AVAILABILITY = YES_AGGRESSIVE;
				CLANG_WARN_UNREACHABLE_CODE = YES;
				CLANG_WARN__DUPLICATE_METHOD_MATCH = YES;
				COPY_PHASE_STRIP = NO;
				DEBUG_INFORMATION_FORMAT = dwarf;
				ENABLE_STRICT_OBJC_MSGSEND = YES;
				ENABLE_TESTABILITY = YES;
				ENABLE_USER_SCRIPT_SANDBOXING = YES;
				GCC_C_LANGUAGE_STANDARD = gnu17;
				GCC_DYNAMIC_NO_PIC = NO;
				GCC_NO_COMMON_BLOCKS = YES;
				GCC_OPTIMIZATION_LEVEL = 0;
				GCC_PREPROCESSOR_DEFINITIONS = (
					"DEBUG=1",
					"$(inherited)",
				);
				GCC_WARN_64_TO_32_BIT_CONVERSION = YES;
				GCC_WARN_ABOUT_RETURN_TYPE = YES_ERROR;
				GCC_WARN_UNDECLARED_SELECTOR = YES;
				GCC_WARN_UNINITIALIZED_AUTOS = YES_AGGRESSIVE;
				GCC_WARN_UNUSED_FUNCTION = YES;
				GCC_WARN_UNUSED_VARIABLE = YES;
				IPHONEOS_DEPLOYMENT_TARGET = 17.5;
				LOCALIZATION_PREFERS_STRING_CATALOGS = YES;
				MTL_ENABLE_DEBUG_INFO = INCLUDE_SOURCE;
				MTL_FAST_MATH = YES;
				ONLY_ACTIVE_ARCH = YES;
				SDKROOT = iphoneos;
				SWIFT_ACTIVE_COMPILATION_CONDITIONS = "DEBUG $(inherited)";
				SWIFT_OPTIMIZATION_LEVEL = "-Onone";
			};
			name = Debug;
		};
		9B0A40AC2CC030FB00BB50A8 /* Release */ = {
			isa = XCBuildConfiguration;
			buildSettings = {
				ALWAYS_SEARCH_USER_PATHS = NO;
				ASSETCATALOG_COMPILER_GENERATE_SWIFT_ASSET_SYMBOL_EXTENSIONS = YES;
				CLANG_ANALYZER_NONNULL = YES;
				CLANG_ANALYZER_NUMBER_OBJECT_CONVERSION = YES_AGGRESSIVE;
				CLANG_CXX_LANGUAGE_STANDARD = "gnu++20";
				CLANG_ENABLE_MODULES = YES;
				CLANG_ENABLE_OBJC_ARC = YES;
				CLANG_ENABLE_OBJC_WEAK = YES;
				CLANG_WARN_BLOCK_CAPTURE_AUTORELEASING = YES;
				CLANG_WARN_BOOL_CONVERSION = YES;
				CLANG_WARN_COMMA = YES;
				CLANG_WARN_CONSTANT_CONVERSION = YES;
				CLANG_WARN_DEPRECATED_OBJC_IMPLEMENTATIONS = YES;
				CLANG_WARN_DIRECT_OBJC_ISA_USAGE = YES_ERROR;
				CLANG_WARN_DOCUMENTATION_COMMENTS = YES;
				CLANG_WARN_EMPTY_BODY = YES;
				CLANG_WARN_ENUM_CONVERSION = YES;
				CLANG_WARN_INFINITE_RECURSION = YES;
				CLANG_WARN_INT_CONVERSION = YES;
				CLANG_WARN_NON_LITERAL_NULL_CONVERSION = YES;
				CLANG_WARN_OBJC_IMPLICIT_RETAIN_SELF = YES;
				CLANG_WARN_OBJC_LITERAL_CONVERSION = YES;
				CLANG_WARN_OBJC_ROOT_CLASS = YES_ERROR;
				CLANG_WARN_QUOTED_INCLUDE_IN_FRAMEWORK_HEADER = YES;
				CLANG_WARN_RANGE_LOOP_ANALYSIS = YES;
				CLANG_WARN_STRICT_PROTOTYPES = YES;
				CLANG_WARN_SUSPICIOUS_MOVE = YES;
				CLANG_WARN_UNGUARDED_AVAILABILITY = YES_AGGRESSIVE;
				CLANG_WARN_UNREACHABLE_CODE = YES;
				CLANG_WARN__DUPLICATE_METHOD_MATCH = YES;
				COPY_PHASE_STRIP = NO;
				DEBUG_INFORMATION_FORMAT = "dwarf-with-dsym";
				ENABLE_NS_ASSERTIONS = NO;
				ENABLE_STRICT_OBJC_MSGSEND = YES;
				ENABLE_USER_SCRIPT_SANDBOXING = YES;
				GCC_C_LANGUAGE_STANDARD = gnu17;
				GCC_NO_COMMON_BLOCKS = YES;
				GCC_WARN_64_TO_32_BIT_CONVERSION = YES;
				GCC_WARN_ABOUT_RETURN_TYPE = YES_ERROR;
				GCC_WARN_UNDECLARED_SELECTOR = YES;
				GCC_WARN_UNINITIALIZED_AUTOS = YES_AGGRESSIVE;
				GCC_WARN_UNUSED_FUNCTION = YES;
				GCC_WARN_UNUSED_VARIABLE = YES;
				IPHONEOS_DEPLOYMENT_TARGET = 17.5;
				LOCALIZATION_PREFERS_STRING_CATALOGS = YES;
				MTL_ENABLE_DEBUG_INFO = NO;
				MTL_FAST_MATH = YES;
				SDKROOT = iphoneos;
				SWIFT_COMPILATION_MODE = wholemodule;
				VALIDATE_PRODUCT = YES;
			};
			name = Release;
		};
		9B0A40AE2CC030FB00BB50A8 /* Debug */ = {
			isa = XCBuildConfiguration;
			buildSettings = {
				ASSETCATALOG_COMPILER_APPICON_NAME = AppIcon;
				ASSETCATALOG_COMPILER_GLOBAL_ACCENT_COLOR_NAME = AccentColor;
				CODE_SIGN_STYLE = Automatic;
				CURRENT_PROJECT_VERSION = 1;
				DEVELOPMENT_ASSET_PATHS = "\"Restart/Preview Content\"";
				DEVELOPMENT_TEAM = X836ASFVVB;
				ENABLE_PREVIEWS = YES;
				GENERATE_INFOPLIST_FILE = YES;
				INFOPLIST_FILE = Restart/Info.plist;
				INFOPLIST_KEY_UIApplicationSceneManifest_Generation = YES;
				INFOPLIST_KEY_UIApplicationSupportsIndirectInputEvents = YES;
				INFOPLIST_KEY_UISupportedInterfaceOrientations = UIInterfaceOrientationPortrait;
				INFOPLIST_KEY_UISupportedInterfaceOrientations_iPad = "UIInterfaceOrientationLandscapeLeft UIInterfaceOrientationLandscapeRight UIInterfaceOrientationPortrait UIInterfaceOrientationPortraitUpsideDown";
				LD_RUNPATH_SEARCH_PATHS = (
					"$(inherited)",
					"@executable_path/Frameworks",
				);
				MARKETING_VERSION = 1.0;
				PRODUCT_BUNDLE_IDENTIFIER = com.igorshulumba.Restart;
				PRODUCT_NAME = "$(TARGET_NAME)";
				SWIFT_EMIT_LOC_STRINGS = YES;
				SWIFT_VERSION = 5.0;
				TARGETED_DEVICE_FAMILY = "1,2";
			};
			name = Debug;
		};
		9B0A40AF2CC030FB00BB50A8 /* Release */ = {
			isa = XCBuildConfiguration;
			buildSettings = {
				ASSETCATALOG_COMPILER_APPICON_NAME = AppIcon;
				ASSETCATALOG_COMPILER_GLOBAL_ACCENT_COLOR_NAME = AccentColor;
				CODE_SIGN_STYLE = Automatic;
				CURRENT_PROJECT_VERSION = 1;
				DEVELOPMENT_ASSET_PATHS = "\"Restart/Preview Content\"";
				DEVELOPMENT_TEAM = X836ASFVVB;
				ENABLE_PREVIEWS = YES;
				GENERATE_INFOPLIST_FILE = YES;
				INFOPLIST_FILE = Restart/Info.plist;
				INFOPLIST_KEY_UIApplicationSceneManifest_Generation = YES;
				INFOPLIST_KEY_UIApplicationSupportsIndirectInputEvents = YES;
				INFOPLIST_KEY_UISupportedInterfaceOrientations = UIInterfaceOrientationPortrait;
				INFOPLIST_KEY_UISupportedInterfaceOrientations_iPad = "UIInterfaceOrientationLandscapeLeft UIInterfaceOrientationLandscapeRight UIInterfaceOrientationPortrait UIInterfaceOrientationPortraitUpsideDown";
				LD_RUNPATH_SEARCH_PATHS = (
					"$(inherited)",
					"@executable_path/Frameworks",
				);
				MARKETING_VERSION = 1.0;
				PRODUCT_BUNDLE_IDENTIFIER = com.igorshulumba.Restart;
				PRODUCT_NAME = "$(TARGET_NAME)";
				SWIFT_EMIT_LOC_STRINGS = YES;
				SWIFT_VERSION = 5.0;
				TARGETED_DEVICE_FAMILY = "1,2";
			};
			name = Release;
		};
/* End XCBuildConfiguration section */

/* Begin XCConfigurationList section */
		9B0A409A2CC030F700BB50A8 /* Build configuration list for PBXProject "Restart" */ = {
			isa = XCConfigurationList;
			buildConfigurations = (
				9B0A40AB2CC030FB00BB50A8 /* Debug */,
				9B0A40AC2CC030FB00BB50A8 /* Release */,
			);
			defaultConfigurationIsVisible = 0;
			defaultConfigurationName = Release;
		};
		9B0A40AD2CC030FB00BB50A8 /* Build configuration list for PBXNativeTarget "Restart" */ = {
			isa = XCConfigurationList;
			buildConfigurations = (
				9B0A40AE2CC030FB00BB50A8 /* Debug */,
				9B0A40AF2CC030FB00BB50A8 /* Release */,
			);
			defaultConfigurationIsVisible = 0;
			defaultConfigurationName = Release;
		};
/* End XCConfigurationList section */
	};
	rootObject = 9B0A40972CC030F700BB50A8 /* Project object */;
}
