// !$*UTF8*$!
{
	archiveVersion = 1;
	classes = {
	};
	objectVersion = 56;
	objects = {

/* Begin PBXBuildFile section */
		9B71C25D2CBAF1F0002229C0 /* HikeApp.swift in Sources */ = {isa = PBXBuildFile; fileRef = 9B71C25C2CBAF1F0002229C0 /* HikeApp.swift */; };
		9B71C25F2CBAF1F0002229C0 /* ContentView.swift in Sources */ = {isa = PBXBuildFile; fileRef = 9B71C25E2CBAF1F0002229C0 /* ContentView.swift */; };
		9B71C2612CBAF1F1002229C0 /* Assets.xcassets in Resources */ = {isa = PBXBuildFile; fileRef = 9B71C2602CBAF1F1002229C0 /* Assets.xcassets */; };
		9B71C2642CBAF1F1002229C0 /* Preview Assets.xcassets in Resources */ = {isa = PBXBuildFile; fileRef = 9B71C2632CBAF1F1002229C0 /* Preview Assets.xcassets */; };
		9B71C26B2CBAF98D002229C0 /* CardView.swift in Sources */ = {isa = PBXBuildFile; fileRef = 9B71C26A2CBAF98D002229C0 /* CardView.swift */; };
		9B71C26E2CBAFAE5002229C0 /* CustomBackgroundView.swift in Sources */ = {isa = PBXBuildFile; fileRef = 9B71C26D2CBAFAE5002229C0 /* CustomBackgroundView.swift */; };
		9B71C2732CBAFD11002229C0 /* ColorExtension.swift in Sources */ = {isa = PBXBuildFile; fileRef = 9B71C2722CBAFD11002229C0 /* ColorExtension.swift */; };
		9B71C2752CBB0CBB002229C0 /* CustomButtonView.swift in Sources */ = {isa = PBXBuildFile; fileRef = 9B71C2742CBB0CBB002229C0 /* CustomButtonView.swift */; };
		9B71C2772CBC2F83002229C0 /* GradientButtonStyle.swift in Sources */ = {isa = PBXBuildFile; fileRef = 9B71C2762CBC2F83002229C0 /* GradientButtonStyle.swift */; };
		9BB7E2B72CBD8538004093EE /* CustomCircleView.swift in Sources */ = {isa = PBXBuildFile; fileRef = 9BB7E2B62CBD8538004093EE /* CustomCircleView.swift */; };
		9BB7E2B92CBD8750004093EE /* MotionAnimationView.swift in Sources */ = {isa = PBXBuildFile; fileRef = 9BB7E2B82CBD8750004093EE /* MotionAnimationView.swift */; };
		9BB7E2BC2CBD8DAB004093EE /* SettingsView.swift in Sources */ = {isa = PBXBuildFile; fileRef = 9BB7E2BB2CBD8DAB004093EE /* SettingsView.swift */; };
		9BB7E2BE2CBDA7FA004093EE /* CustomListRowView.swift in Sources */ = {isa = PBXBuildFile; fileRef = 9BB7E2BD2CBDA7FA004093EE /* CustomListRowView.swift */; };
/* End PBXBuildFile section */

/* Begin PBXFileReference section */
		9B71C2592CBAF1F0002229C0 /* Hike.app */ = {isa = PBXFileReference; explicitFileType = wrapper.application; includeInIndex = 0; path = Hike.app; sourceTree = BUILT_PRODUCTS_DIR; };
		9B71C25C2CBAF1F0002229C0 /* HikeApp.swift */ = {isa = PBXFileReference; lastKnownFileType = sourcecode.swift; path = HikeApp.swift; sourceTree = "<group>"; };
		9B71C25E2CBAF1F0002229C0 /* ContentView.swift */ = {isa = PBXFileReference; lastKnownFileType = sourcecode.swift; path = ContentView.swift; sourceTree = "<group>"; };
		9B71C2602CBAF1F1002229C0 /* Assets.xcassets */ = {isa = PBXFileReference; lastKnownFileType = folder.assetcatalog; path = Assets.xcassets; sourceTree = "<group>"; };
		9B71C2632CBAF1F1002229C0 /* Preview Assets.xcassets */ = {isa = PBXFileReference; lastKnownFileType = folder.assetcatalog; path = "Preview Assets.xcassets"; sourceTree = "<group>"; };
		9B71C26A2CBAF98D002229C0 /* CardView.swift */ = {isa = PBXFileReference; lastKnownFileType = sourcecode.swift; path = CardView.swift; sourceTree = "<group>"; };
		9B71C26D2CBAFAE5002229C0 /* CustomBackgroundView.swift */ = {isa = PBXFileReference; lastKnownFileType = sourcecode.swift; path = CustomBackgroundView.swift; sourceTree = "<group>"; };
		9B71C2722CBAFD11002229C0 /* ColorExtension.swift */ = {isa = PBXFileReference; lastKnownFileType = sourcecode.swift; path = ColorExtension.swift; sourceTree = "<group>"; };
		9B71C2742CBB0CBB002229C0 /* CustomButtonView.swift */ = {isa = PBXFileReference; lastKnownFileType = sourcecode.swift; path = CustomButtonView.swift; sourceTree = "<group>"; };
		9B71C2762CBC2F83002229C0 /* GradientButtonStyle.swift */ = {isa = PBXFileReference; lastKnownFileType = sourcecode.swift; path = GradientButtonStyle.swift; sourceTree = "<group>"; };
		9BB7E2B62CBD8538004093EE /* CustomCircleView.swift */ = {isa = PBXFileReference; lastKnownFileType = sourcecode.swift; path = CustomCircleView.swift; sourceTree = "<group>"; };
		9BB7E2B82CBD8750004093EE /* MotionAnimationView.swift */ = {isa = PBXFileReference; lastKnownFileType = sourcecode.swift; path = MotionAnimationView.swift; sourceTree = "<group>"; };
		9BB7E2BB2CBD8DAB004093EE /* SettingsView.swift */ = {isa = PBXFileReference; lastKnownFileType = sourcecode.swift; path = SettingsView.swift; sourceTree = "<group>"; };
		9BB7E2BD2CBDA7FA004093EE /* CustomListRowView.swift */ = {isa = PBXFileReference; lastKnownFileType = sourcecode.swift; path = CustomListRowView.swift; sourceTree = "<group>"; };
/* End PBXFileReference section */

/* Begin PBXFrameworksBuildPhase section */
		9B71C2562CBAF1F0002229C0 /* Frameworks */ = {
			isa = PBXFrameworksBuildPhase;
			buildActionMask = 2147483647;
			files = (
			);
			runOnlyForDeploymentPostprocessing = 0;
		};
/* End PBXFrameworksBuildPhase section */

/* Begin PBXGroup section */
		9B71C2502CBAF1F0002229C0 = {
			isa = PBXGroup;
			children = (
				9B71C25B2CBAF1F0002229C0 /* Hike */,
				9B71C25A2CBAF1F0002229C0 /* Products */,
			);
			sourceTree = "<group>";
		};
		9B71C25A2CBAF1F0002229C0 /* Products */ = {
			isa = PBXGroup;
			children = (
				9B71C2592CBAF1F0002229C0 /* Hike.app */,
			);
			name = Products;
			sourceTree = "<group>";
		};
		9B71C25B2CBAF1F0002229C0 /* Hike */ = {
			isa = PBXGroup;
			children = (
				9B71C26F2CBAFCDB002229C0 /* Utility */,
				9B71C25C2CBAF1F0002229C0 /* HikeApp.swift */,
				9BB7E2BA2CBD8D93004093EE /* Screen */,
				9B71C2602CBAF1F1002229C0 /* Assets.xcassets */,
				9B71C2622CBAF1F1002229C0 /* Preview Content */,
				9B71C26C2CBAFAB5002229C0 /* Component */,
			);
			path = Hike;
			sourceTree = "<group>";
		};
		9B71C2622CBAF1F1002229C0 /* Preview Content */ = {
			isa = PBXGroup;
			children = (
				9B71C2632CBAF1F1002229C0 /* Preview Assets.xcassets */,
			);
			path = "Preview Content";
			sourceTree = "<group>";
		};
		9B71C26C2CBAFAB5002229C0 /* Component */ = {
			isa = PBXGroup;
			children = (
				9B71C26A2CBAF98D002229C0 /* CardView.swift */,
				9B71C26D2CBAFAE5002229C0 /* CustomBackgroundView.swift */,
				9B71C2742CBB0CBB002229C0 /* CustomButtonView.swift */,
				9BB7E2B62CBD8538004093EE /* CustomCircleView.swift */,
				9BB7E2B82CBD8750004093EE /* MotionAnimationView.swift */,
				9BB7E2BD2CBDA7FA004093EE /* CustomListRowView.swift */,
			);
			path = Component;
			sourceTree = "<group>";
		};
		9B71C26F2CBAFCDB002229C0 /* Utility */ = {
			isa = PBXGroup;
			children = (
				9B71C2722CBAFD11002229C0 /* ColorExtension.swift */,
				9B71C2762CBC2F83002229C0 /* GradientButtonStyle.swift */,
			);
			path = Utility;
			sourceTree = "<group>";
		};
		9BB7E2BA2CBD8D93004093EE /* Screen */ = {
			isa = PBXGroup;
			children = (
				9B71C25E2CBAF1F0002229C0 /* ContentView.swift */,
				9BB7E2BB2CBD8DAB004093EE /* SettingsView.swift */,
			);
			path = Screen;
			sourceTree = "<group>";
		};
/* End PBXGroup section */

/* Begin PBXNativeTarget section */
		9B71C2582CBAF1F0002229C0 /* Hike */ = {
			isa = PBXNativeTarget;
			buildConfigurationList = 9B71C2672CBAF1F1002229C0 /* Build configuration list for PBXNativeTarget "Hike" */;
			buildPhases = (
				9B71C2552CBAF1F0002229C0 /* Sources */,
				9B71C2562CBAF1F0002229C0 /* Frameworks */,
				9B71C2572CBAF1F0002229C0 /* Resources */,
			);
			buildRules = (
			);
			dependencies = (
			);
			name = Hike;
			productName = Hike;
			productReference = 9B71C2592CBAF1F0002229C0 /* Hike.app */;
			productType = "com.apple.product-type.application";
		};
/* End PBXNativeTarget section */

/* Begin PBXProject section */
		9B71C2512CBAF1F0002229C0 /* Project object */ = {
			isa = PBXProject;
			attributes = {
				BuildIndependentTargetsInParallel = 1;
				LastSwiftUpdateCheck = 1540;
				LastUpgradeCheck = 1540;
				TargetAttributes = {
					9B71C2582CBAF1F0002229C0 = {
						CreatedOnToolsVersion = 15.4;
					};
				};
			};
			buildConfigurationList = 9B71C2542CBAF1F0002229C0 /* Build configuration list for PBXProject "Hike" */;
			compatibilityVersion = "Xcode 14.0";
			developmentRegion = en;
			hasScannedForEncodings = 0;
			knownRegions = (
				en,
				Base,
			);
			mainGroup = 9B71C2502CBAF1F0002229C0;
			productRefGroup = 9B71C25A2CBAF1F0002229C0 /* Products */;
			projectDirPath = "";
			projectRoot = "";
			targets = (
				9B71C2582CBAF1F0002229C0 /* Hike */,
			);
		};
/* End PBXProject section */

/* Begin PBXResourcesBuildPhase section */
		9B71C2572CBAF1F0002229C0 /* Resources */ = {
			isa = PBXResourcesBuildPhase;
			buildActionMask = 2147483647;
			files = (
				9B71C2642CBAF1F1002229C0 /* Preview Assets.xcassets in Resources */,
				9B71C2612CBAF1F1002229C0 /* Assets.xcassets in Resources */,
			);
			runOnlyForDeploymentPostprocessing = 0;
		};
/* End PBXResourcesBuildPhase section */

/* Begin PBXSourcesBuildPhase section */
		9B71C2552CBAF1F0002229C0 /* Sources */ = {
			isa = PBXSourcesBuildPhase;
			buildActionMask = 2147483647;
			files = (
				9B71C25F2CBAF1F0002229C0 /* ContentView.swift in Sources */,
				9BB7E2B72CBD8538004093EE /* CustomCircleView.swift in Sources */,
				9BB7E2BE2CBDA7FA004093EE /* CustomListRowView.swift in Sources */,
				9B71C26B2CBAF98D002229C0 /* CardView.swift in Sources */,
				9B71C25D2CBAF1F0002229C0 /* HikeApp.swift in Sources */,
				9B71C2752CBB0CBB002229C0 /* CustomButtonView.swift in Sources */,
				9BB7E2BC2CBD8DAB004093EE /* SettingsView.swift in Sources */,
				9B71C2772CBC2F83002229C0 /* GradientButtonStyle.swift in Sources */,
				9BB7E2B92CBD8750004093EE /* MotionAnimationView.swift in Sources */,
				9B71C26E2CBAFAE5002229C0 /* CustomBackgroundView.swift in Sources */,
				9B71C2732CBAFD11002229C0 /* ColorExtension.swift in Sources */,
			);
			runOnlyForDeploymentPostprocessing = 0;
		};
/* End PBXSourcesBuildPhase section */

/* Begin XCBuildConfiguration section */
		9B71C2652CBAF1F1002229C0 /* Debug */ = {
			isa = XCBuildConfiguration;
			buildSettings = {
				ALWAYS_SEARCH_USER_PATHS = NO;
				ASSETCATALOG_COMPILER_GENERATE_SWIFT_ASSET_SYMBOL_EXTENSIONS = YES;
				CLANG_ANALYZER_NONNULL = YES;
				CLANG_ANALYZER_NUMBER_OBJECT_CONVERSION = YES_AGGRESSIVE;
				CLANG_CXX_LANGUAGE_STANDARD = "gnu++20";
				CLANG_ENABLE_MODULES = YES;
				CLANG_ENABLE_OBJC_ARC = YES;
				CLANG_ENABLE_OBJC_WEAK = YES;
				CLANG_WARN_BLOCK_CAPTURE_AUTORELEASING = YES;
				CLANG_WARN_BOOL_CONVERSION = YES;
				CLANG_WARN_COMMA = YES;
				CLANG_WARN_CONSTANT_CONVERSION = YES;
				CLANG_WARN_DEPRECATED_OBJC_IMPLEMENTATIONS = YES;
				CLANG_WARN_DIRECT_OBJC_ISA_USAGE = YES_ERROR;
				CLANG_WARN_DOCUMENTATION_COMMENTS = YES;
				CLANG_WARN_EMPTY_BODY = YES;
				CLANG_WARN_ENUM_CONVERSION = YES;
				CLANG_WARN_INFINITE_RECURSION = YES;
				CLANG_WARN_INT_CONVERSION = YES;
				CLANG_WARN_NON_LITERAL_NULL_CONVERSION = YES;
				CLANG_WARN_OBJC_IMPLICIT_RETAIN_SELF = YES;
				CLANG_WARN_OBJC_LITERAL_CONVERSION = YES;
				CLANG_WARN_OBJC_ROOT_CLASS = YES_ERROR;
				CLANG_WARN_QUOTED_INCLUDE_IN_FRAMEWORK_HEADER = YES;
				CLANG_WARN_RANGE_LOOP_ANALYSIS = YES;
				CLANG_WARN_STRICT_PROTOTYPES = YES;
				CLANG_WARN_SUSPICIOUS_MOVE = YES;
				CLANG_WARN_UNGUARDED_AVAILABILITY = YES_AGGRESSIVE;
				CLANG_WARN_UNREACHABLE_CODE = YES;
				CLANG_WARN__DUPLICATE_METHOD_MATCH = YES;
				COPY_PHASE_STRIP = NO;
				DEBUG_INFORMATION_FORMAT = dwarf;
				ENABLE_STRICT_OBJC_MSGSEND = YES;
				ENABLE_TESTABILITY = YES;
				ENABLE_USER_SCRIPT_SANDBOXING = YES;
				GCC_C_LANGUAGE_STANDARD = gnu17;
				GCC_DYNAMIC_NO_PIC = NO;
				GCC_NO_COMMON_BLOCKS = YES;
				GCC_OPTIMIZATION_LEVEL = 0;
				GCC_PREPROCESSOR_DEFINITIONS = (
					"DEBUG=1",
					"$(inherited)",
				);
				GCC_WARN_64_TO_32_BIT_CONVERSION = YES;
				GCC_WARN_ABOUT_RETURN_TYPE = YES_ERROR;
				GCC_WARN_UNDECLARED_SELECTOR = YES;
				GCC_WARN_UNINITIALIZED_AUTOS = YES_AGGRESSIVE;
				GCC_WARN_UNUSED_FUNCTION = YES;
				GCC_WARN_UNUSED_VARIABLE = YES;
				IPHONEOS_DEPLOYMENT_TARGET = 17.5;
				LOCALIZATION_PREFERS_STRING_CATALOGS = YES;
				MTL_ENABLE_DEBUG_INFO = INCLUDE_SOURCE;
				MTL_FAST_MATH = YES;
				ONLY_ACTIVE_ARCH = YES;
				SDKROOT = iphoneos;
				SWIFT_ACTIVE_COMPILATION_CONDITIONS = "DEBUG $(inherited)";
				SWIFT_OPTIMIZATION_LEVEL = "-Onone";
			};
			name = Debug;
		};
		9B71C2662CBAF1F1002229C0 /* Release */ = {
			isa = XCBuildConfiguration;
			buildSettings = {
				ALWAYS_SEARCH_USER_PATHS = NO;
				ASSETCATALOG_COMPILER_GENERATE_SWIFT_ASSET_SYMBOL_EXTENSIONS = YES;
				CLANG_ANALYZER_NONNULL = YES;
				CLANG_ANALYZER_NUMBER_OBJECT_CONVERSION = YES_AGGRESSIVE;
				CLANG_CXX_LANGUAGE_STANDARD = "gnu++20";
				CLANG_ENABLE_MODULES = YES;
				CLANG_ENABLE_OBJC_ARC = YES;
				CLANG_ENABLE_OBJC_WEAK = YES;
				CLANG_WARN_BLOCK_CAPTURE_AUTORELEASING = YES;
				CLANG_WARN_BOOL_CONVERSION = YES;
				CLANG_WARN_COMMA = YES;
				CLANG_WARN_CONSTANT_CONVERSION = YES;
				CLANG_WARN_DEPRECATED_OBJC_IMPLEMENTATIONS = YES;
				CLANG_WARN_DIRECT_OBJC_ISA_USAGE = YES_ERROR;
				CLANG_WARN_DOCUMENTATION_COMMENTS = YES;
				CLANG_WARN_EMPTY_BODY = YES;
				CLANG_WARN_ENUM_CONVERSION = YES;
				CLANG_WARN_INFINITE_RECURSION = YES;
				CLANG_WARN_INT_CONVERSION = YES;
				CLANG_WARN_NON_LITERAL_NULL_CONVERSION = YES;
				CLANG_WARN_OBJC_IMPLICIT_RETAIN_SELF = YES;
				CLANG_WARN_OBJC_LITERAL_CONVERSION = YES;
				CLANG_WARN_OBJC_ROOT_CLASS = YES_ERROR;
				CLANG_WARN_QUOTED_INCLUDE_IN_FRAMEWORK_HEADER = YES;
				CLANG_WARN_RANGE_LOOP_ANALYSIS = YES;
				CLANG_WARN_STRICT_PROTOTYPES = YES;
				CLANG_WARN_SUSPICIOUS_MOVE = YES;
				CLANG_WARN_UNGUARDED_AVAILABILITY = YES_AGGRESSIVE;
				CLANG_WARN_UNREACHABLE_CODE = YES;
				CLANG_WARN__DUPLICATE_METHOD_MATCH = YES;
				COPY_PHASE_STRIP = NO;
				DEBUG_INFORMATION_FORMAT = "dwarf-with-dsym";
				ENABLE_NS_ASSERTIONS = NO;
				ENABLE_STRICT_OBJC_MSGSEND = YES;
				ENABLE_USER_SCRIPT_SANDBOXING = YES;
				GCC_C_LANGUAGE_STANDARD = gnu17;
				GCC_NO_COMMON_BLOCKS = YES;
				GCC_WARN_64_TO_32_BIT_CONVERSION = YES;
				GCC_WARN_ABOUT_RETURN_TYPE = YES_ERROR;
				GCC_WARN_UNDECLARED_SELECTOR = YES;
				GCC_WARN_UNINITIALIZED_AUTOS = YES_AGGRESSIVE;
				GCC_WARN_UNUSED_FUNCTION = YES;
				GCC_WARN_UNUSED_VARIABLE = YES;
				IPHONEOS_DEPLOYMENT_TARGET = 17.5;
				LOCALIZATION_PREFERS_STRING_CATALOGS = YES;
				MTL_ENABLE_DEBUG_INFO = NO;
				MTL_FAST_MATH = YES;
				SDKROOT = iphoneos;
				SWIFT_COMPILATION_MODE = wholemodule;
				VALIDATE_PRODUCT = YES;
			};
			name = Release;
		};
		9B71C2682CBAF1F1002229C0 /* Debug */ = {
			isa = XCBuildConfiguration;
			buildSettings = {
				ASSETCATALOG_COMPILER_ALTERNATE_APPICON_NAMES = "AppIcon-Backpack AppIcon-Camera AppIcon-Campfire AppIcon-MagnifyingGlass AppIcon-Map AppIcon-Mushroom";
				ASSETCATALOG_COMPILER_APPICON_NAME = AppIcon;
				ASSETCATALOG_COMPILER_GLOBAL_ACCENT_COLOR_NAME = AccentColor;
				ASSETCATALOG_COMPILER_INCLUDE_ALL_APPICON_ASSETS = YES;
				CODE_SIGN_STYLE = Automatic;
				CURRENT_PROJECT_VERSION = 1;
				DEVELOPMENT_ASSET_PATHS = "\"Hike/Preview Content\"";
				DEVELOPMENT_TEAM = X836ASFVVB;
				ENABLE_PREVIEWS = YES;
				GENERATE_INFOPLIST_FILE = YES;
				INFOPLIST_KEY_UIApplicationSceneManifest_Generation = YES;
				INFOPLIST_KEY_UIApplicationSupportsIndirectInputEvents = YES;
				INFOPLIST_KEY_UILaunchScreen_Generation = YES;
				INFOPLIST_KEY_UISupportedInterfaceOrientations_iPad = "UIInterfaceOrientationPortrait UIInterfaceOrientationPortraitUpsideDown UIInterfaceOrientationLandscapeLeft UIInterfaceOrientationLandscapeRight";
				INFOPLIST_KEY_UISupportedInterfaceOrientations_iPhone = "UIInterfaceOrientationPortrait UIInterfaceOrientationLandscapeLeft UIInterfaceOrientationLandscapeRight";
				LD_RUNPATH_SEARCH_PATHS = (
					"$(inherited)",
					"@executable_path/Frameworks",
				);
				MARKETING_VERSION = 1.0;
				PRODUCT_BUNDLE_IDENTIFIER = com.igorshulumba.Hike;
				PRODUCT_NAME = "$(TARGET_NAME)";
				SWIFT_EMIT_LOC_STRINGS = YES;
				SWIFT_VERSION = 5.0;
				TARGETED_DEVICE_FAMILY = "1,2";
			};
			name = Debug;
		};
		9B71C2692CBAF1F1002229C0 /* Release */ = {
			isa = XCBuildConfiguration;
			buildSettings = {
				ASSETCATALOG_COMPILER_ALTERNATE_APPICON_NAMES = "AppIcon-Backpack AppIcon-Camera AppIcon-Campfire AppIcon-MagnifyingGlass AppIcon-Map AppIcon-Mushroom";
				ASSETCATALOG_COMPILER_APPICON_NAME = AppIcon;
				ASSETCATALOG_COMPILER_GLOBAL_ACCENT_COLOR_NAME = AccentColor;
				ASSETCATALOG_COMPILER_INCLUDE_ALL_APPICON_ASSETS = YES;
				CODE_SIGN_STYLE = Automatic;
				CURRENT_PROJECT_VERSION = 1;
				DEVELOPMENT_ASSET_PATHS = "\"Hike/Preview Content\"";
				DEVELOPMENT_TEAM = X836ASFVVB;
				ENABLE_PREVIEWS = YES;
				GENERATE_INFOPLIST_FILE = YES;
				INFOPLIST_KEY_UIApplicationSceneManifest_Generation = YES;
				INFOPLIST_KEY_UIApplicationSupportsIndirectInputEvents = YES;
				INFOPLIST_KEY_UILaunchScreen_Generation = YES;
				INFOPLIST_KEY_UISupportedInterfaceOrientations_iPad = "UIInterfaceOrientationPortrait UIInterfaceOrientationPortraitUpsideDown UIInterfaceOrientationLandscapeLeft UIInterfaceOrientationLandscapeRight";
				INFOPLIST_KEY_UISupportedInterfaceOrientations_iPhone = "UIInterfaceOrientationPortrait UIInterfaceOrientationLandscapeLeft UIInterfaceOrientationLandscapeRight";
				LD_RUNPATH_SEARCH_PATHS = (
					"$(inherited)",
					"@executable_path/Frameworks",
				);
				MARKETING_VERSION = 1.0;
				PRODUCT_BUNDLE_IDENTIFIER = com.igorshulumba.Hike;
				PRODUCT_NAME = "$(TARGET_NAME)";
				SWIFT_EMIT_LOC_STRINGS = YES;
				SWIFT_VERSION = 5.0;
				TARGETED_DEVICE_FAMILY = "1,2";
			};
			name = Release;
		};
/* End XCBuildConfiguration section */

/* Begin XCConfigurationList section */
		9B71C2542CBAF1F0002229C0 /* Build configuration list for PBXProject "Hike" */ = {
			isa = XCConfigurationList;
			buildConfigurations = (
				9B71C2652CBAF1F1002229C0 /* Debug */,
				9B71C2662CBAF1F1002229C0 /* Release */,
			);
			defaultConfigurationIsVisible = 0;
			defaultConfigurationName = Release;
		};
		9B71C2672CBAF1F1002229C0 /* Build configuration list for PBXNativeTarget "Hike" */ = {
			isa = XCConfigurationList;
			buildConfigurations = (
				9B71C2682CBAF1F1002229C0 /* Debug */,
				9B71C2692CBAF1F1002229C0 /* Release */,
			);
			defaultConfigurationIsVisible = 0;
			defaultConfigurationName = Release;
		};
/* End XCConfigurationList section */
	};
	rootObject = 9B71C2512CBAF1F0002229C0 /* Project object */;
}
